// !$*UTF8*$!
{
	archiveVersion = 1;
	classes = {
	};
	objectVersion = 55;
	objects = {

/* Begin PBXBuildFile section */
		F5157DA928D0935D000C5347 /* AppDelegate.swift in Sources */ = {isa = PBXBuildFile; fileRef = F5157DA828D0935D000C5347 /* AppDelegate.swift */; };
		F5157DAB28D0935D000C5347 /* SceneDelegate.swift in Sources */ = {isa = PBXBuildFile; fileRef = F5157DAA28D0935D000C5347 /* SceneDelegate.swift */; };
		F5157DAD28D0935D000C5347 /* ViewController.swift in Sources */ = {isa = PBXBuildFile; fileRef = F5157DAC28D0935D000C5347 /* ViewController.swift */; };
		F5157DB028D0935D000C5347 /* Main.storyboard in Resources */ = {isa = PBXBuildFile; fileRef = F5157DAE28D0935D000C5347 /* Main.storyboard */; };
		F5157DB228D0935E000C5347 /* Assets.xcassets in Resources */ = {isa = PBXBuildFile; fileRef = F5157DB128D0935E000C5347 /* Assets.xcassets */; };
		F5157DB528D0935E000C5347 /* LaunchScreen.storyboard in Resources */ = {isa = PBXBuildFile; fileRef = F5157DB328D0935E000C5347 /* LaunchScreen.storyboard */; };
		F5157DC028D0935F000C5347 /* AutoUpdateDependenciesTests.swift in Sources */ = {isa = PBXBuildFile; fileRef = F5157DBF28D0935F000C5347 /* AutoUpdateDependenciesTests.swift */; };
		F5157DCA28D0935F000C5347 /* AutoUpdateDependenciesUITests.swift in Sources */ = {isa = PBXBuildFile; fileRef = F5157DC928D0935F000C5347 /* AutoUpdateDependenciesUITests.swift */; };
		F5157DCC28D0935F000C5347 /* AutoUpdateDependenciesUITestsLaunchTests.swift in Sources */ = {isa = PBXBuildFile; fileRef = F5157DCB28D0935F000C5347 /* AutoUpdateDependenciesUITestsLaunchTests.swift */; };
		F5157DDA28D093BA000C5347 /* RxBlocking in Frameworks */ = {isa = PBXBuildFile; productRef = F5157DD928D093BA000C5347 /* RxBlocking */; };
		F5157DDC28D093BA000C5347 /* RxBlocking-Dynamic in Frameworks */ = {isa = PBXBuildFile; productRef = F5157DDB28D093BA000C5347 /* RxBlocking-Dynamic */; };
		F5157DDE28D093BA000C5347 /* RxCocoa in Frameworks */ = {isa = PBXBuildFile; productRef = F5157DDD28D093BA000C5347 /* RxCocoa */; };
		F5157DE028D093BA000C5347 /* RxCocoa-Dynamic in Frameworks */ = {isa = PBXBuildFile; productRef = F5157DDF28D093BA000C5347 /* RxCocoa-Dynamic */; };
		F5157DE228D093BA000C5347 /* RxRelay in Frameworks */ = {isa = PBXBuildFile; productRef = F5157DE128D093BA000C5347 /* RxRelay */; };
		F5157DE428D093BA000C5347 /* RxRelay-Dynamic in Frameworks */ = {isa = PBXBuildFile; productRef = F5157DE328D093BA000C5347 /* RxRelay-Dynamic */; };
		F5157DE628D093BA000C5347 /* RxSwift in Frameworks */ = {isa = PBXBuildFile; productRef = F5157DE528D093BA000C5347 /* RxSwift */; };
		F5157DE828D093BA000C5347 /* RxSwift-Dynamic in Frameworks */ = {isa = PBXBuildFile; productRef = F5157DE728D093BA000C5347 /* RxSwift-Dynamic */; };
		F5157DEA28D093BA000C5347 /* RxTest in Frameworks */ = {isa = PBXBuildFile; productRef = F5157DE928D093BA000C5347 /* RxTest */; };
		F5157DEC28D093BA000C5347 /* RxTest-Dynamic in Frameworks */ = {isa = PBXBuildFile; productRef = F5157DEB28D093BA000C5347 /* RxTest-Dynamic */; };
/* End PBXBuildFile section */

/* Begin PBXContainerItemProxy section */
		F5157DBC28D0935E000C5347 /* PBXContainerItemProxy */ = {
			isa = PBXContainerItemProxy;
			containerPortal = F5157D9D28D0935D000C5347 /* Project object */;
			proxyType = 1;
			remoteGlobalIDString = F5157DA428D0935D000C5347;
			remoteInfo = AutoUpdateDependencies;
		};
		F5157DC628D0935F000C5347 /* PBXContainerItemProxy */ = {
			isa = PBXContainerItemProxy;
			containerPortal = F5157D9D28D0935D000C5347 /* Project object */;
			proxyType = 1;
			remoteGlobalIDString = F5157DA428D0935D000C5347;
			remoteInfo = AutoUpdateDependencies;
		};
/* End PBXContainerItemProxy section */

/* Begin PBXFileReference section */
		F5157DA528D0935D000C5347 /* AutoUpdateDependencies.app */ = {isa = PBXFileReference; explicitFileType = wrapper.application; includeInIndex = 0; path = AutoUpdateDependencies.app; sourceTree = BUILT_PRODUCTS_DIR; };
		F5157DA828D0935D000C5347 /* AppDelegate.swift */ = {isa = PBXFileReference; lastKnownFileType = sourcecode.swift; path = AppDelegate.swift; sourceTree = "<group>"; };
		F5157DAA28D0935D000C5347 /* SceneDelegate.swift */ = {isa = PBXFileReference; lastKnownFileType = sourcecode.swift; path = SceneDelegate.swift; sourceTree = "<group>"; };
		F5157DAC28D0935D000C5347 /* ViewController.swift */ = {isa = PBXFileReference; lastKnownFileType = sourcecode.swift; path = ViewController.swift; sourceTree = "<group>"; };
		F5157DAF28D0935D000C5347 /* Base */ = {isa = PBXFileReference; lastKnownFileType = file.storyboard; name = Base; path = Base.lproj/Main.storyboard; sourceTree = "<group>"; };
		F5157DB128D0935E000C5347 /* Assets.xcassets */ = {isa = PBXFileReference; lastKnownFileType = folder.assetcatalog; path = Assets.xcassets; sourceTree = "<group>"; };
		F5157DB428D0935E000C5347 /* Base */ = {isa = PBXFileReference; lastKnownFileType = file.storyboard; name = Base; path = Base.lproj/LaunchScreen.storyboard; sourceTree = "<group>"; };
		F5157DB628D0935E000C5347 /* Info.plist */ = {isa = PBXFileReference; lastKnownFileType = text.plist.xml; path = Info.plist; sourceTree = "<group>"; };
		F5157DBB28D0935E000C5347 /* AutoUpdateDependenciesTests.xctest */ = {isa = PBXFileReference; explicitFileType = wrapper.cfbundle; includeInIndex = 0; path = AutoUpdateDependenciesTests.xctest; sourceTree = BUILT_PRODUCTS_DIR; };
		F5157DBF28D0935F000C5347 /* AutoUpdateDependenciesTests.swift */ = {isa = PBXFileReference; lastKnownFileType = sourcecode.swift; path = AutoUpdateDependenciesTests.swift; sourceTree = "<group>"; };
		F5157DC528D0935F000C5347 /* AutoUpdateDependenciesUITests.xctest */ = {isa = PBXFileReference; explicitFileType = wrapper.cfbundle; includeInIndex = 0; path = AutoUpdateDependenciesUITests.xctest; sourceTree = BUILT_PRODUCTS_DIR; };
		F5157DC928D0935F000C5347 /* AutoUpdateDependenciesUITests.swift */ = {isa = PBXFileReference; lastKnownFileType = sourcecode.swift; path = AutoUpdateDependenciesUITests.swift; sourceTree = "<group>"; };
		F5157DCB28D0935F000C5347 /* AutoUpdateDependenciesUITestsLaunchTests.swift */ = {isa = PBXFileReference; lastKnownFileType = sourcecode.swift; path = AutoUpdateDependenciesUITestsLaunchTests.swift; sourceTree = "<group>"; };
/* End PBXFileReference section */

/* Begin PBXFrameworksBuildPhase section */
		F5157DA228D0935D000C5347 /* Frameworks */ = {
			isa = PBXFrameworksBuildPhase;
			buildActionMask = 2147483647;
			files = (
				F5157DE828D093BA000C5347 /* RxSwift-Dynamic in Frameworks */,
				F5157DEA28D093BA000C5347 /* RxTest in Frameworks */,
				F5157DE228D093BA000C5347 /* RxRelay in Frameworks */,
				F5157DE028D093BA000C5347 /* RxCocoa-Dynamic in Frameworks */,
				F5157DE428D093BA000C5347 /* RxRelay-Dynamic in Frameworks */,
				F5157DDE28D093BA000C5347 /* RxCocoa in Frameworks */,
				F5157DDA28D093BA000C5347 /* RxBlocking in Frameworks */,
				F5157DDC28D093BA000C5347 /* RxBlocking-Dynamic in Frameworks */,
				F5157DEC28D093BA000C5347 /* RxTest-Dynamic in Frameworks */,
				F5157DE628D093BA000C5347 /* RxSwift in Frameworks */,
			);
			runOnlyForDeploymentPostprocessing = 0;
		};
		F5157DB828D0935E000C5347 /* Frameworks */ = {
			isa = PBXFrameworksBuildPhase;
			buildActionMask = 2147483647;
			files = (
			);
			runOnlyForDeploymentPostprocessing = 0;
		};
		F5157DC228D0935F000C5347 /* Frameworks */ = {
			isa = PBXFrameworksBuildPhase;
			buildActionMask = 2147483647;
			files = (
			);
			runOnlyForDeploymentPostprocessing = 0;
		};
/* End PBXFrameworksBuildPhase section */

/* Begin PBXGroup section */
		F5157D9C28D0935D000C5347 = {
			isa = PBXGroup;
			children = (
				F5157DA728D0935D000C5347 /* AutoUpdateDependencies */,
				F5157DBE28D0935F000C5347 /* AutoUpdateDependenciesTests */,
				F5157DC828D0935F000C5347 /* AutoUpdateDependenciesUITests */,
				F5157DA628D0935D000C5347 /* Products */,
			);
			sourceTree = "<group>";
		};
		F5157DA628D0935D000C5347 /* Products */ = {
			isa = PBXGroup;
			children = (
				F5157DA528D0935D000C5347 /* AutoUpdateDependencies.app */,
				F5157DBB28D0935E000C5347 /* AutoUpdateDependenciesTests.xctest */,
				F5157DC528D0935F000C5347 /* AutoUpdateDependenciesUITests.xctest */,
			);
			name = Products;
			sourceTree = "<group>";
		};
		F5157DA728D0935D000C5347 /* AutoUpdateDependencies */ = {
			isa = PBXGroup;
			children = (
				F5157DA828D0935D000C5347 /* AppDelegate.swift */,
				F5157DAA28D0935D000C5347 /* SceneDelegate.swift */,
				F5157DAC28D0935D000C5347 /* ViewController.swift */,
				F5157DAE28D0935D000C5347 /* Main.storyboard */,
				F5157DB128D0935E000C5347 /* Assets.xcassets */,
				F5157DB328D0935E000C5347 /* LaunchScreen.storyboard */,
				F5157DB628D0935E000C5347 /* Info.plist */,
			);
			path = AutoUpdateDependencies;
			sourceTree = "<group>";
		};
		F5157DBE28D0935F000C5347 /* AutoUpdateDependenciesTests */ = {
			isa = PBXGroup;
			children = (
				F5157DBF28D0935F000C5347 /* AutoUpdateDependenciesTests.swift */,
			);
			path = AutoUpdateDependenciesTests;
			sourceTree = "<group>";
		};
		F5157DC828D0935F000C5347 /* AutoUpdateDependenciesUITests */ = {
			isa = PBXGroup;
			children = (
				F5157DC928D0935F000C5347 /* AutoUpdateDependenciesUITests.swift */,
				F5157DCB28D0935F000C5347 /* AutoUpdateDependenciesUITestsLaunchTests.swift */,
			);
			path = AutoUpdateDependenciesUITests;
			sourceTree = "<group>";
		};
/* End PBXGroup section */

/* Begin PBXNativeTarget section */
		F5157DA428D0935D000C5347 /* AutoUpdateDependencies */ = {
			isa = PBXNativeTarget;
			buildConfigurationList = F5157DCF28D0935F000C5347 /* Build configuration list for PBXNativeTarget "AutoUpdateDependencies" */;
			buildPhases = (
				F5157DA128D0935D000C5347 /* Sources */,
				F5157DA228D0935D000C5347 /* Frameworks */,
				F5157DA328D0935D000C5347 /* Resources */,
			);
			buildRules = (
			);
			dependencies = (
			);
			name = AutoUpdateDependencies;
			packageProductDependencies = (
				F5157DD928D093BA000C5347 /* RxBlocking */,
				F5157DDB28D093BA000C5347 /* RxBlocking-Dynamic */,
				F5157DDD28D093BA000C5347 /* RxCocoa */,
				F5157DDF28D093BA000C5347 /* RxCocoa-Dynamic */,
				F5157DE128D093BA000C5347 /* RxRelay */,
				F5157DE328D093BA000C5347 /* RxRelay-Dynamic */,
				F5157DE528D093BA000C5347 /* RxSwift */,
				F5157DE728D093BA000C5347 /* RxSwift-Dynamic */,
				F5157DE928D093BA000C5347 /* RxTest */,
				F5157DEB28D093BA000C5347 /* RxTest-Dynamic */,
			);
			productName = AutoUpdateDependencies;
			productReference = F5157DA528D0935D000C5347 /* AutoUpdateDependencies.app */;
			productType = "com.apple.product-type.application";
		};
		F5157DBA28D0935E000C5347 /* AutoUpdateDependenciesTests */ = {
			isa = PBXNativeTarget;
			buildConfigurationList = F5157DD228D0935F000C5347 /* Build configuration list for PBXNativeTarget "AutoUpdateDependenciesTests" */;
			buildPhases = (
				F5157DB728D0935E000C5347 /* Sources */,
				F5157DB828D0935E000C5347 /* Frameworks */,
				F5157DB928D0935E000C5347 /* Resources */,
			);
			buildRules = (
			);
			dependencies = (
				F5157DBD28D0935E000C5347 /* PBXTargetDependency */,
			);
			name = AutoUpdateDependenciesTests;
			productName = AutoUpdateDependenciesTests;
			productReference = F5157DBB28D0935E000C5347 /* AutoUpdateDependenciesTests.xctest */;
			productType = "com.apple.product-type.bundle.unit-test";
		};
		F5157DC428D0935F000C5347 /* AutoUpdateDependenciesUITests */ = {
			isa = PBXNativeTarget;
			buildConfigurationList = F5157DD528D0935F000C5347 /* Build configuration list for PBXNativeTarget "AutoUpdateDependenciesUITests" */;
			buildPhases = (
				F5157DC128D0935F000C5347 /* Sources */,
				F5157DC228D0935F000C5347 /* Frameworks */,
				F5157DC328D0935F000C5347 /* Resources */,
			);
			buildRules = (
			);
			dependencies = (
				F5157DC728D0935F000C5347 /* PBXTargetDependency */,
			);
			name = AutoUpdateDependenciesUITests;
			productName = AutoUpdateDependenciesUITests;
			productReference = F5157DC528D0935F000C5347 /* AutoUpdateDependenciesUITests.xctest */;
			productType = "com.apple.product-type.bundle.ui-testing";
		};
/* End PBXNativeTarget section */

/* Begin PBXProject section */
		F5157D9D28D0935D000C5347 /* Project object */ = {
			isa = PBXProject;
			attributes = {
				BuildIndependentTargetsInParallel = 1;
				LastSwiftUpdateCheck = 1340;
				LastUpgradeCheck = 1340;
				TargetAttributes = {
					F5157DA428D0935D000C5347 = {
						CreatedOnToolsVersion = 13.4.1;
					};
					F5157DBA28D0935E000C5347 = {
						CreatedOnToolsVersion = 13.4.1;
						TestTargetID = F5157DA428D0935D000C5347;
					};
					F5157DC428D0935F000C5347 = {
						CreatedOnToolsVersion = 13.4.1;
						TestTargetID = F5157DA428D0935D000C5347;
					};
				};
			};
			buildConfigurationList = F5157DA028D0935D000C5347 /* Build configuration list for PBXProject "AutoUpdateDependencies" */;
			compatibilityVersion = "Xcode 13.0";
			developmentRegion = en;
			hasScannedForEncodings = 0;
			knownRegions = (
				en,
				Base,
			);
			mainGroup = F5157D9C28D0935D000C5347;
			packageReferences = (
				F5157DD828D093BA000C5347 /* XCRemoteSwiftPackageReference "RxSwift" */,
			);
			productRefGroup = F5157DA628D0935D000C5347 /* Products */;
			projectDirPath = "";
			projectRoot = "";
			targets = (
				F5157DA428D0935D000C5347 /* AutoUpdateDependencies */,
				F5157DBA28D0935E000C5347 /* AutoUpdateDependenciesTests */,
				F5157DC428D0935F000C5347 /* AutoUpdateDependenciesUITests */,
			);
		};
/* End PBXProject section */

/* Begin PBXResourcesBuildPhase section */
		F5157DA328D0935D000C5347 /* Resources */ = {
			isa = PBXResourcesBuildPhase;
			buildActionMask = 2147483647;
			files = (
				F5157DB528D0935E000C5347 /* LaunchScreen.storyboard in Resources */,
				F5157DB228D0935E000C5347 /* Assets.xcassets in Resources */,
				F5157DB028D0935D000C5347 /* Main.storyboard in Resources */,
			);
			runOnlyForDeploymentPostprocessing = 0;
		};
		F5157DB928D0935E000C5347 /* Resources */ = {
			isa = PBXResourcesBuildPhase;
			buildActionMask = 2147483647;
			files = (
			);
			runOnlyForDeploymentPostprocessing = 0;
		};
		F5157DC328D0935F000C5347 /* Resources */ = {
			isa = PBXResourcesBuildPhase;
			buildActionMask = 2147483647;
			files = (
			);
			runOnlyForDeploymentPostprocessing = 0;
		};
/* End PBXResourcesBuildPhase section */

/* Begin PBXSourcesBuildPhase section */
		F5157DA128D0935D000C5347 /* Sources */ = {
			isa = PBXSourcesBuildPhase;
			buildActionMask = 2147483647;
			files = (
				F5157DAD28D0935D000C5347 /* ViewController.swift in Sources */,
				F5157DA928D0935D000C5347 /* AppDelegate.swift in Sources */,
				F5157DAB28D0935D000C5347 /* SceneDelegate.swift in Sources */,
			);
			runOnlyForDeploymentPostprocessing = 0;
		};
		F5157DB728D0935E000C5347 /* Sources */ = {
			isa = PBXSourcesBuildPhase;
			buildActionMask = 2147483647;
			files = (
				F5157DC028D0935F000C5347 /* AutoUpdateDependenciesTests.swift in Sources */,
			);
			runOnlyForDeploymentPostprocessing = 0;
		};
		F5157DC128D0935F000C5347 /* Sources */ = {
			isa = PBXSourcesBuildPhase;
			buildActionMask = 2147483647;
			files = (
				F5157DCA28D0935F000C5347 /* AutoUpdateDependenciesUITests.swift in Sources */,
				F5157DCC28D0935F000C5347 /* AutoUpdateDependenciesUITestsLaunchTests.swift in Sources */,
			);
			runOnlyForDeploymentPostprocessing = 0;
		};
/* End PBXSourcesBuildPhase section */

/* Begin PBXTargetDependency section */
		F5157DBD28D0935E000C5347 /* PBXTargetDependency */ = {
			isa = PBXTargetDependency;
			target = F5157DA428D0935D000C5347 /* AutoUpdateDependencies */;
			targetProxy = F5157DBC28D0935E000C5347 /* PBXContainerItemProxy */;
		};
		F5157DC728D0935F000C5347 /* PBXTargetDependency */ = {
			isa = PBXTargetDependency;
			target = F5157DA428D0935D000C5347 /* AutoUpdateDependencies */;
			targetProxy = F5157DC628D0935F000C5347 /* PBXContainerItemProxy */;
		};
/* End PBXTargetDependency section */

/* Begin PBXVariantGroup section */
		F5157DAE28D0935D000C5347 /* Main.storyboard */ = {
			isa = PBXVariantGroup;
			children = (
				F5157DAF28D0935D000C5347 /* Base */,
			);
			name = Main.storyboard;
			sourceTree = "<group>";
		};
		F5157DB328D0935E000C5347 /* LaunchScreen.storyboard */ = {
			isa = PBXVariantGroup;
			children = (
				F5157DB428D0935E000C5347 /* Base */,
			);
			name = LaunchScreen.storyboard;
			sourceTree = "<group>";
		};
/* End PBXVariantGroup section */

/* Begin XCBuildConfiguration section */
		F5157DCD28D0935F000C5347 /* Debug */ = {
			isa = XCBuildConfiguration;
			buildSettings = {
				ALWAYS_SEARCH_USER_PATHS = NO;
				CLANG_ANALYZER_NONNULL = YES;
				CLANG_ANALYZER_NUMBER_OBJECT_CONVERSION = YES_AGGRESSIVE;
				CLANG_CXX_LANGUAGE_STANDARD = "gnu++17";
				CLANG_ENABLE_MODULES = YES;
				CLANG_ENABLE_OBJC_ARC = YES;
				CLANG_ENABLE_OBJC_WEAK = YES;
				CLANG_WARN_BLOCK_CAPTURE_AUTORELEASING = YES;
				CLANG_WARN_BOOL_CONVERSION = YES;
				CLANG_WARN_COMMA = YES;
				CLANG_WARN_CONSTANT_CONVERSION = YES;
				CLANG_WARN_DEPRECATED_OBJC_IMPLEMENTATIONS = YES;
				CLANG_WARN_DIRECT_OBJC_ISA_USAGE = YES_ERROR;
				CLANG_WARN_DOCUMENTATION_COMMENTS = YES;
				CLANG_WARN_EMPTY_BODY = YES;
				CLANG_WARN_ENUM_CONVERSION = YES;
				CLANG_WARN_INFINITE_RECURSION = YES;
				CLANG_WARN_INT_CONVERSION = YES;
				CLANG_WARN_NON_LITERAL_NULL_CONVERSION = YES;
				CLANG_WARN_OBJC_IMPLICIT_RETAIN_SELF = YES;
				CLANG_WARN_OBJC_LITERAL_CONVERSION = YES;
				CLANG_WARN_OBJC_ROOT_CLASS = YES_ERROR;
				CLANG_WARN_QUOTED_INCLUDE_IN_FRAMEWORK_HEADER = YES;
				CLANG_WARN_RANGE_LOOP_ANALYSIS = YES;
				CLANG_WARN_STRICT_PROTOTYPES = YES;
				CLANG_WARN_SUSPICIOUS_MOVE = YES;
				CLANG_WARN_UNGUARDED_AVAILABILITY = YES_AGGRESSIVE;
				CLANG_WARN_UNREACHABLE_CODE = YES;
				CLANG_WARN__DUPLICATE_METHOD_MATCH = YES;
				COPY_PHASE_STRIP = NO;
				DEBUG_INFORMATION_FORMAT = dwarf;
				ENABLE_STRICT_OBJC_MSGSEND = YES;
				ENABLE_TESTABILITY = YES;
				GCC_C_LANGUAGE_STANDARD = gnu11;
				GCC_DYNAMIC_NO_PIC = NO;
				GCC_NO_COMMON_BLOCKS = YES;
				GCC_OPTIMIZATION_LEVEL = 0;
				GCC_PREPROCESSOR_DEFINITIONS = (
					"DEBUG=1",
					"$(inherited)",
				);
				GCC_WARN_64_TO_32_BIT_CONVERSION = YES;
				GCC_WARN_ABOUT_RETURN_TYPE = YES_ERROR;
				GCC_WARN_UNDECLARED_SELECTOR = YES;
				GCC_WARN_UNINITIALIZED_AUTOS = YES_AGGRESSIVE;
				GCC_WARN_UNUSED_FUNCTION = YES;
				GCC_WARN_UNUSED_VARIABLE = YES;
				IPHONEOS_DEPLOYMENT_TARGET = 15.5;
				MTL_ENABLE_DEBUG_INFO = INCLUDE_SOURCE;
				MTL_FAST_MATH = YES;
				ONLY_ACTIVE_ARCH = YES;
				SDKROOT = iphoneos;
				SWIFT_ACTIVE_COMPILATION_CONDITIONS = DEBUG;
				SWIFT_OPTIMIZATION_LEVEL = "-Onone";
			};
			name = Debug;
		};
		F5157DCE28D0935F000C5347 /* Release */ = {
			isa = XCBuildConfiguration;
			buildSettings = {
				ALWAYS_SEARCH_USER_PATHS = NO;
				CLANG_ANALYZER_NONNULL = YES;
				CLANG_ANALYZER_NUMBER_OBJECT_CONVERSION = YES_AGGRESSIVE;
				CLANG_CXX_LANGUAGE_STANDARD = "gnu++17";
				CLANG_ENABLE_MODULES = YES;
				CLANG_ENABLE_OBJC_ARC = YES;
				CLANG_ENABLE_OBJC_WEAK = YES;
				CLANG_WARN_BLOCK_CAPTURE_AUTORELEASING = YES;
				CLANG_WARN_BOOL_CONVERSION = YES;
				CLANG_WARN_COMMA = YES;
				CLANG_WARN_CONSTANT_CONVERSION = YES;
				CLANG_WARN_DEPRECATED_OBJC_IMPLEMENTATIONS = YES;
				CLANG_WARN_DIRECT_OBJC_ISA_USAGE = YES_ERROR;
				CLANG_WARN_DOCUMENTATION_COMMENTS = YES;
				CLANG_WARN_EMPTY_BODY = YES;
				CLANG_WARN_ENUM_CONVERSION = YES;
				CLANG_WARN_INFINITE_RECURSION = YES;
				CLANG_WARN_INT_CONVERSION = YES;
				CLANG_WARN_NON_LITERAL_NULL_CONVERSION = YES;
				CLANG_WARN_OBJC_IMPLICIT_RETAIN_SELF = YES;
				CLANG_WARN_OBJC_LITERAL_CONVERSION = YES;
				CLANG_WARN_OBJC_ROOT_CLASS = YES_ERROR;
				CLANG_WARN_QUOTED_INCLUDE_IN_FRAMEWORK_HEADER = YES;
				CLANG_WARN_RANGE_LOOP_ANALYSIS = YES;
				CLANG_WARN_STRICT_PROTOTYPES = YES;
				CLANG_WARN_SUSPICIOUS_MOVE = YES;
				CLANG_WARN_UNGUARDED_AVAILABILITY = YES_AGGRESSIVE;
				CLANG_WARN_UNREACHABLE_CODE = YES;
				CLANG_WARN__DUPLICATE_METHOD_MATCH = YES;
				COPY_PHASE_STRIP = NO;
				DEBUG_INFORMATION_FORMAT = "dwarf-with-dsym";
				ENABLE_NS_ASSERTIONS = NO;
				ENABLE_STRICT_OBJC_MSGSEND = YES;
				GCC_C_LANGUAGE_STANDARD = gnu11;
				GCC_NO_COMMON_BLOCKS = YES;
				GCC_WARN_64_TO_32_BIT_CONVERSION = YES;
				GCC_WARN_ABOUT_RETURN_TYPE = YES_ERROR;
				GCC_WARN_UNDECLARED_SELECTOR = YES;
				GCC_WARN_UNINITIALIZED_AUTOS = YES_AGGRESSIVE;
				GCC_WARN_UNUSED_FUNCTION = YES;
				GCC_WARN_UNUSED_VARIABLE = YES;
				IPHONEOS_DEPLOYMENT_TARGET = 15.5;
				MTL_ENABLE_DEBUG_INFO = NO;
				MTL_FAST_MATH = YES;
				SDKROOT = iphoneos;
				SWIFT_COMPILATION_MODE = wholemodule;
				SWIFT_OPTIMIZATION_LEVEL = "-O";
				VALIDATE_PRODUCT = YES;
			};
			name = Release;
		};
		F5157DD028D0935F000C5347 /* Debug */ = {
			isa = XCBuildConfiguration;
			buildSettings = {
				ASSETCATALOG_COMPILER_APPICON_NAME = AppIcon;
				ASSETCATALOG_COMPILER_GLOBAL_ACCENT_COLOR_NAME = AccentColor;
				CODE_SIGN_STYLE = Automatic;
				CURRENT_PROJECT_VERSION = 1;
				DEVELOPMENT_TEAM = PL8H4LFSYL;
				GENERATE_INFOPLIST_FILE = YES;
				INFOPLIST_FILE = AutoUpdateDependencies/Info.plist;
				INFOPLIST_KEY_UIApplicationSupportsIndirectInputEvents = YES;
				INFOPLIST_KEY_UILaunchStoryboardName = LaunchScreen;
				INFOPLIST_KEY_UIMainStoryboardFile = Main;
				INFOPLIST_KEY_UISupportedInterfaceOrientations_iPad = "UIInterfaceOrientationPortrait UIInterfaceOrientationPortraitUpsideDown UIInterfaceOrientationLandscapeLeft UIInterfaceOrientationLandscapeRight";
				INFOPLIST_KEY_UISupportedInterfaceOrientations_iPhone = "UIInterfaceOrientationPortrait UIInterfaceOrientationLandscapeLeft UIInterfaceOrientationLandscapeRight";
				LD_RUNPATH_SEARCH_PATHS = (
					"$(inherited)",
					"@executable_path/Frameworks",
				);
				MARKETING_VERSION = 1.0;
				PRODUCT_BUNDLE_IDENTIFIER = com.rakesh.kota.AutoUpdateDependencies;
				PRODUCT_NAME = "$(TARGET_NAME)";
				SWIFT_EMIT_LOC_STRINGS = YES;
				SWIFT_VERSION = 5.0;
				TARGETED_DEVICE_FAMILY = "1,2";
			};
			name = Debug;
		};
		F5157DD128D0935F000C5347 /* Release */ = {
			isa = XCBuildConfiguration;
			buildSettings = {
				ASSETCATALOG_COMPILER_APPICON_NAME = AppIcon;
				ASSETCATALOG_COMPILER_GLOBAL_ACCENT_COLOR_NAME = AccentColor;
				CODE_SIGN_STYLE = Automatic;
				CURRENT_PROJECT_VERSION = 1;
				DEVELOPMENT_TEAM = PL8H4LFSYL;
				GENERATE_INFOPLIST_FILE = YES;
				INFOPLIST_FILE = AutoUpdateDependencies/Info.plist;
				INFOPLIST_KEY_UIApplicationSupportsIndirectInputEvents = YES;
				INFOPLIST_KEY_UILaunchStoryboardName = LaunchScreen;
				INFOPLIST_KEY_UIMainStoryboardFile = Main;
				INFOPLIST_KEY_UISupportedInterfaceOrientations_iPad = "UIInterfaceOrientationPortrait UIInterfaceOrientationPortraitUpsideDown UIInterfaceOrientationLandscapeLeft UIInterfaceOrientationLandscapeRight";
				INFOPLIST_KEY_UISupportedInterfaceOrientations_iPhone = "UIInterfaceOrientationPortrait UIInterfaceOrientationLandscapeLeft UIInterfaceOrientationLandscapeRight";
				LD_RUNPATH_SEARCH_PATHS = (
					"$(inherited)",
					"@executable_path/Frameworks",
				);
				MARKETING_VERSION = 1.0;
				PRODUCT_BUNDLE_IDENTIFIER = com.rakesh.kota.AutoUpdateDependencies;
				PRODUCT_NAME = "$(TARGET_NAME)";
				SWIFT_EMIT_LOC_STRINGS = YES;
				SWIFT_VERSION = 5.0;
				TARGETED_DEVICE_FAMILY = "1,2";
			};
			name = Release;
		};
		F5157DD328D0935F000C5347 /* Debug */ = {
			isa = XCBuildConfiguration;
			buildSettings = {
				ALWAYS_EMBED_SWIFT_STANDARD_LIBRARIES = YES;
				BUNDLE_LOADER = "$(TEST_HOST)";
				CODE_SIGN_STYLE = Automatic;
				CURRENT_PROJECT_VERSION = 1;
				DEVELOPMENT_TEAM = PL8H4LFSYL;
				GENERATE_INFOPLIST_FILE = YES;
				IPHONEOS_DEPLOYMENT_TARGET = 15.5;
				MARKETING_VERSION = 1.0;
				PRODUCT_BUNDLE_IDENTIFIER = com.rakesh.kota.AutoUpdateDependenciesTests;
				PRODUCT_NAME = "$(TARGET_NAME)";
				SWIFT_EMIT_LOC_STRINGS = NO;
				SWIFT_VERSION = 5.0;
				TARGETED_DEVICE_FAMILY = "1,2";
				TEST_HOST = "$(BUILT_PRODUCTS_DIR)/AutoUpdateDependencies.app/AutoUpdateDependencies";
			};
			name = Debug;
		};
		F5157DD428D0935F000C5347 /* Release */ = {
			isa = XCBuildConfiguration;
			buildSettings = {
				ALWAYS_EMBED_SWIFT_STANDARD_LIBRARIES = YES;
				BUNDLE_LOADER = "$(TEST_HOST)";
				CODE_SIGN_STYLE = Automatic;
				CURRENT_PROJECT_VERSION = 1;
				DEVELOPMENT_TEAM = PL8H4LFSYL;
				GENERATE_INFOPLIST_FILE = YES;
				IPHONEOS_DEPLOYMENT_TARGET = 15.5;
				MARKETING_VERSION = 1.0;
				PRODUCT_BUNDLE_IDENTIFIER = com.rakesh.kota.AutoUpdateDependenciesTests;
				PRODUCT_NAME = "$(TARGET_NAME)";
				SWIFT_EMIT_LOC_STRINGS = NO;
				SWIFT_VERSION = 5.0;
				TARGETED_DEVICE_FAMILY = "1,2";
				TEST_HOST = "$(BUILT_PRODUCTS_DIR)/AutoUpdateDependencies.app/AutoUpdateDependencies";
			};
			name = Release;
		};
		F5157DD628D0935F000C5347 /* Debug */ = {
			isa = XCBuildConfiguration;
			buildSettings = {
				ALWAYS_EMBED_SWIFT_STANDARD_LIBRARIES = YES;
				CODE_SIGN_STYLE = Automatic;
				CURRENT_PROJECT_VERSION = 1;
				DEVELOPMENT_TEAM = PL8H4LFSYL;
				GENERATE_INFOPLIST_FILE = YES;
				MARKETING_VERSION = 1.0;
				PRODUCT_BUNDLE_IDENTIFIER = com.rakesh.kota.AutoUpdateDependenciesUITests;
				PRODUCT_NAME = "$(TARGET_NAME)";
				SWIFT_EMIT_LOC_STRINGS = NO;
				SWIFT_VERSION = 5.0;
				TARGETED_DEVICE_FAMILY = "1,2";
				TEST_TARGET_NAME = AutoUpdateDependencies;
			};
			name = Debug;
		};
		F5157DD728D0935F000C5347 /* Release */ = {
			isa = XCBuildConfiguration;
			buildSettings = {
				ALWAYS_EMBED_SWIFT_STANDARD_LIBRARIES = YES;
				CODE_SIGN_STYLE = Automatic;
				CURRENT_PROJECT_VERSION = 1;
				DEVELOPMENT_TEAM = PL8H4LFSYL;
				GENERATE_INFOPLIST_FILE = YES;
				MARKETING_VERSION = 1.0;
				PRODUCT_BUNDLE_IDENTIFIER = com.rakesh.kota.AutoUpdateDependenciesUITests;
				PRODUCT_NAME = "$(TARGET_NAME)";
				SWIFT_EMIT_LOC_STRINGS = NO;
				SWIFT_VERSION = 5.0;
				TARGETED_DEVICE_FAMILY = "1,2";
				TEST_TARGET_NAME = AutoUpdateDependencies;
			};
			name = Release;
		};
/* End XCBuildConfiguration section */

/* Begin XCConfigurationList section */
		F5157DA028D0935D000C5347 /* Build configuration list for PBXProject "AutoUpdateDependencies" */ = {
			isa = XCConfigurationList;
			buildConfigurations = (
				F5157DCD28D0935F000C5347 /* Debug */,
				F5157DCE28D0935F000C5347 /* Release */,
			);
			defaultConfigurationIsVisible = 0;
			defaultConfigurationName = Release;
		};
		F5157DCF28D0935F000C5347 /* Build configuration list for PBXNativeTarget "AutoUpdateDependencies" */ = {
			isa = XCConfigurationList;
			buildConfigurations = (
				F5157DD028D0935F000C5347 /* Debug */,
				F5157DD128D0935F000C5347 /* Release */,
			);
			defaultConfigurationIsVisible = 0;
			defaultConfigurationName = Release;
		};
		F5157DD228D0935F000C5347 /* Build configuration list for PBXNativeTarget "AutoUpdateDependenciesTests" */ = {
			isa = XCConfigurationList;
			buildConfigurations = (
				F5157DD328D0935F000C5347 /* Debug */,
				F5157DD428D0935F000C5347 /* Release */,
			);
			defaultConfigurationIsVisible = 0;
			defaultConfigurationName = Release;
		};
		F5157DD528D0935F000C5347 /* Build configuration list for PBXNativeTarget "AutoUpdateDependenciesUITests" */ = {
			isa = XCConfigurationList;
			buildConfigurations = (
				F5157DD628D0935F000C5347 /* Debug */,
				F5157DD728D0935F000C5347 /* Release */,
			);
			defaultConfigurationIsVisible = 0;
			defaultConfigurationName = Release;
		};
/* End XCConfigurationList section */

/* Begin XCRemoteSwiftPackageReference section */
		F5157DD828D093BA000C5347 /* XCRemoteSwiftPackageReference "RxSwift" */ = {
			isa = XCRemoteSwiftPackageReference;
			repositoryURL = "https://github.com/ReactiveX/RxSwift";
			requirement = {
				kind = upToNextMajorVersion;
				minimumVersion = 6.0.0;
			};
		};
/* End XCRemoteSwiftPackageReference section */

/* Begin XCSwiftPackageProductDependency section */
		F5157DD928D093BA000C5347 /* RxBlocking */ = {
			isa = XCSwiftPackageProductDependency;
			package = F5157DD828D093BA000C5347 /* XCRemoteSwiftPackageReference "RxSwift" */;
			productName = RxBlocking;
		};
		F5157DDB28D093BA000C5347 /* RxBlocking-Dynamic */ = {
			isa = XCSwiftPackageProductDependency;
			package = F5157DD828D093BA000C5347 /* XCRemoteSwiftPackageReference "RxSwift" */;
			productName = "RxBlocking-Dynamic";
		};
		F5157DDD28D093BA000C5347 /* RxCocoa */ = {
			isa = XCSwiftPackageProductDependency;
			package = F5157DD828D093BA000C5347 /* XCRemoteSwiftPackageReference "RxSwift" */;
			productName = RxCocoa;
		};
		F5157DDF28D093BA000C5347 /* RxCocoa-Dynamic */ = {
			isa = XCSwiftPackageProductDependency;
			package = F5157DD828D093BA000C5347 /* XCRemoteSwiftPackageReference "RxSwift" */;
			productName = "RxCocoa-Dynamic";
		};
		F5157DE128D093BA000C5347 /* RxRelay */ = {
			isa = XCSwiftPackageProductDependency;
			package = F5157DD828D093BA000C5347 /* XCRemoteSwiftPackageReference "RxSwift" */;
			productName = RxRelay;
		};
		F5157DE328D093BA000C5347 /* RxRelay-Dynamic */ = {
			isa = XCSwiftPackageProductDependency;
			package = F5157DD828D093BA000C5347 /* XCRemoteSwiftPackageReference "RxSwift" */;
			productName = "RxRelay-Dynamic";
		};
		F5157DE528D093BA000C5347 /* RxSwift */ = {
			isa = XCSwiftPackageProductDependency;
			package = F5157DD828D093BA000C5347 /* XCRemoteSwiftPackageReference "RxSwift" */;
			productName = RxSwift;
		};
		F5157DE728D093BA000C5347 /* RxSwift-Dynamic */ = {
			isa = XCSwiftPackageProductDependency;
			package = F5157DD828D093BA000C5347 /* XCRemoteSwiftPackageReference "RxSwift" */;
			productName = "RxSwift-Dynamic";
		};
		F5157DE928D093BA000C5347 /* RxTest */ = {
			isa = XCSwiftPackageProductDependency;
			package = F5157DD828D093BA000C5347 /* XCRemoteSwiftPackageReference "RxSwift" */;
			productName = RxTest;
		};
		F5157DEB28D093BA000C5347 /* RxTest-Dynamic */ = {
			isa = XCSwiftPackageProductDependency;
			package = F5157DD828D093BA000C5347 /* XCRemoteSwiftPackageReference "RxSwift" */;
			productName = "RxTest-Dynamic";
		};
/* End XCSwiftPackageProductDependency section */
	};
	rootObject = F5157D9D28D0935D000C5347 /* Project object */;
}
